
Microsoft Visual Studio Solution File, Format Version 12.00
# Visual Studio Version 17
VisualStudioVersion = 17.0.32112.339
MinimumVisualStudioVersion = 10.0.40219.1
Project("{2150E333-8FDC-42A3-9474-1A3956D46DE8}") = "Data", "Data", "{C859E698-A4A1-428E-B065-6CE46CF2367F}"
EndProject
Project("{9A19103F-16F7-4668-BE54-9A1E7A4F7556}") = "Ignite.Data", "Ignite.Data\Ignite.Data.csproj", "{00B3F9EB-2C22-4296-9B59-FBA73757CEC6}"
EndProject
Project("{9A19103F-16F7-4668-BE54-9A1E7A4F7556}") = "Ignite.Models", "Ignite.Models\Ignite.Models.csproj", "{7CC97343-8751-440F-BE8D-A6E54499981F}"
EndProject
Project("{9A19103F-16F7-4668-BE54-9A1E7A4F7556}") = "Ignite.Web", "Ignite.Web\Ignite.Web.csproj", "{A4B2EE4D-A8D5-4D58-B318-FF5A336A5A37}"
EndProject
Project("{9A19103F-16F7-4668-BE54-9A1E7A4F7556}") = "Ignite.GlobalConstants", "Ignite.GlobalConstants\Ignite.GlobalConstants.csproj", "{495C71B6-33F7-41E5-8D26-F9DD79F83F89}"
EndProject
Project("{FAE04EC0-301F-11D3-BF4B-00C04F79EFBC}") = "Ignite.Services", "Ignite.Services\Ignite.Services.csproj", "{3A7A705F-4A74-4DB5-A3C7-2FFE9DEEB96F}"
EndProject
Global
	GlobalSection(SolutionConfigurationPlatforms) = preSolution
		Debug|Any CPU = Debug|Any CPU
		Release|Any CPU = Release|Any CPU
	EndGlobalSection
	GlobalSection(ProjectConfigurationPlatforms) = postSolution
		{00B3F9EB-2C22-4296-9B59-FBA73757CEC6}.Debug|Any CPU.ActiveCfg = Debug|Any CPU
		{00B3F9EB-2C22-4296-9B59-FBA73757CEC6}.Debug|Any CPU.Build.0 = Debug|Any CPU
		{00B3F9EB-2C22-4296-9B59-FBA73757CEC6}.Release|Any CPU.ActiveCfg = Release|Any CPU
		{00B3F9EB-2C22-4296-9B59-FBA73757CEC6}.Release|Any CPU.Build.0 = Release|Any CPU
		{7CC97343-8751-440F-BE8D-A6E54499981F}.Debug|Any CPU.ActiveCfg = Debug|Any CPU
		{7CC97343-8751-440F-BE8D-A6E54499981F}.Debug|Any CPU.Build.0 = Debug|Any CPU
		{7CC97343-8751-440F-BE8D-A6E54499981F}.Release|Any CPU.ActiveCfg = Release|Any CPU
		{7CC97343-8751-440F-BE8D-A6E54499981F}.Release|Any CPU.Build.0 = Release|Any CPU
		{A4B2EE4D-A8D5-4D58-B318-FF5A336A5A37}.Debug|Any CPU.ActiveCfg = Debug|Any CPU
		{A4B2EE4D-A8D5-4D58-B318-FF5A336A5A37}.Debug|Any CPU.Build.0 = Debug|Any CPU
		{A4B2EE4D-A8D5-4D58-B318-FF5A336A5A37}.Release|Any CPU.ActiveCfg = Release|Any CPU
		{A4B2EE4D-A8D5-4D58-B318-FF5A336A5A37}.Release|Any CPU.Build.0 = Release|Any CPU
		{495C71B6-33F7-41E5-8D26-F9DD79F83F89}.Debug|Any CPU.ActiveCfg = Debug|Any CPU
		{495C71B6-33F7-41E5-8D26-F9DD79F83F89}.Debug|Any CPU.Build.0 = Debug|Any CPU
		{495C71B6-33F7-41E5-8D26-F9DD79F83F89}.Release|Any CPU.ActiveCfg = Release|Any CPU
		{495C71B6-33F7-41E5-8D26-F9DD79F83F89}.Release|Any CPU.Build.0 = Release|Any CPU
		{3A7A705F-4A74-4DB5-A3C7-2FFE9DEEB96F}.Debug|Any CPU.ActiveCfg = Debug|Any CPU
		{3A7A705F-4A74-4DB5-A3C7-2FFE9DEEB96F}.Debug|Any CPU.Build.0 = Debug|Any CPU
		{3A7A705F-4A74-4DB5-A3C7-2FFE9DEEB96F}.Release|Any CPU.ActiveCfg = Release|Any CPU
		{3A7A705F-4A74-4DB5-A3C7-2FFE9DEEB96F}.Release|Any CPU.Build.0 = Release|Any CPU
	EndGlobalSection
	GlobalSection(SolutionProperties) = preSolution
		HideSolutionNode = FALSE
	EndGlobalSection
	GlobalSection(NestedProjects) = preSolution
		{00B3F9EB-2C22-4296-9B59-FBA73757CEC6} = {C859E698-A4A1-428E-B065-6CE46CF2367F}
		{7CC97343-8751-440F-BE8D-A6E54499981F} = {C859E698-A4A1-428E-B065-6CE46CF2367F}
	EndGlobalSection
	GlobalSection(ExtensibilityGlobals) = postSolution
		SolutionGuid = {FA450C6F-D8E5-4D13-8CBE-ED0D47A27E0A}
	EndGlobalSection
EndGlobal
